// !$*UTF8*$!
{
	archiveVersion = 1;
	classes = {
	};
	objectVersion = 56;
	objects = {

/* Begin PBXBuildFile section */
		F52374A12B5031520017925B /* ITunesSearchApp.swift in Sources */ = {isa = PBXBuildFile; fileRef = F52374A02B5031520017925B /* ITunesSearchApp.swift */; };
		F52374A52B5031540017925B /* Assets.xcassets in Resources */ = {isa = PBXBuildFile; fileRef = F52374A42B5031540017925B /* Assets.xcassets */; };
		F52374A82B5031540017925B /* Preview Assets.xcassets in Resources */ = {isa = PBXBuildFile; fileRef = F52374A72B5031540017925B /* Preview Assets.xcassets */; };
		F52374B32B505F220017925B /* SearchView.swift in Sources */ = {isa = PBXBuildFile; fileRef = F52374B22B505F220017925B /* SearchView.swift */; };
		F52374B52B505F3C0017925B /* Music.swift in Sources */ = {isa = PBXBuildFile; fileRef = F52374B42B505F3C0017925B /* Music.swift */; };
		F52374C02B506BDB0017925B /* MusicCardView.swift in Sources */ = {isa = PBXBuildFile; fileRef = F52374BF2B506BDB0017925B /* MusicCardView.swift */; };
		F52374C52B51C72D0017925B /* MusicSearchView.swift in Sources */ = {isa = PBXBuildFile; fileRef = F52374C42B51C72D0017925B /* MusicSearchView.swift */; };
		F52374C72B53B2620017925B /* MusicSearch.swift in Sources */ = {isa = PBXBuildFile; fileRef = F52374C62B53B2620017925B /* MusicSearch.swift */; };
		F52374CA2B53D7130017925B /* ApiError.swift in Sources */ = {isa = PBXBuildFile; fileRef = F52374C92B53D7130017925B /* ApiError.swift */; };
		F52374CF2B5431A60017925B /* SearchResponse.swift in Sources */ = {isa = PBXBuildFile; fileRef = F52374CE2B5431A60017925B /* SearchResponse.swift */; };
		F52374D32B5468F70017925B /* SearchState.swift in Sources */ = {isa = PBXBuildFile; fileRef = F52374D22B5468F70017925B /* SearchState.swift */; };
		F52374D52B5482460017925B /* Album.swift in Sources */ = {isa = PBXBuildFile; fileRef = F52374D42B5482460017925B /* Album.swift */; };
		F52374D72B54838B0017925B /* ReleaseDate.swift in Sources */ = {isa = PBXBuildFile; fileRef = F52374D62B54838B0017925B /* ReleaseDate.swift */; };
		F52374D92B548E7A0017925B /* AlbumCardView.swift in Sources */ = {isa = PBXBuildFile; fileRef = F52374D82B548E7A0017925B /* AlbumCardView.swift */; };
		F52374DC2B5574130017925B /* AlbumSearchView.swift in Sources */ = {isa = PBXBuildFile; fileRef = F52374DB2B5574130017925B /* AlbumSearchView.swift */; };
		F52374DE2B5574200017925B /* AlbumSearch.swift in Sources */ = {isa = PBXBuildFile; fileRef = F52374DD2B5574200017925B /* AlbumSearch.swift */; };
		F52374E32B55B7250017925B /* Search.swift in Sources */ = {isa = PBXBuildFile; fileRef = F52374E22B55B7250017925B /* Search.swift */; };
		F52374E62B55CBCB0017925B /* ArtistSearch.swift in Sources */ = {isa = PBXBuildFile; fileRef = F52374E52B55CBCB0017925B /* ArtistSearch.swift */; };
		F52374E82B55CBD70017925B /* ArtistSearchView.swift in Sources */ = {isa = PBXBuildFile; fileRef = F52374E72B55CBD70017925B /* ArtistSearchView.swift */; };
		F52374EA2B55CBE80017925B /* ArtistCardView.swift in Sources */ = {isa = PBXBuildFile; fileRef = F52374E92B55CBE80017925B /* ArtistCardView.swift */; };
		F52374EC2B55CC5B0017925B /* Artist.swift in Sources */ = {isa = PBXBuildFile; fileRef = F52374EB2B55CC5B0017925B /* Artist.swift */; };
		F52374EF2B55E1590017925B /* SwiftSoup in Frameworks */ = {isa = PBXBuildFile; productRef = F52374EE2B55E1590017925B /* SwiftSoup */; };
		F52374F52B5706A80017925B /* MusicDetailView.swift in Sources */ = {isa = PBXBuildFile; fileRef = F52374F42B5706A80017925B /* MusicDetailView.swift */; };
		F52374F82B5829D40017925B /* ProgressSlider.swift in Sources */ = {isa = PBXBuildFile; fileRef = F52374F72B5829D40017925B /* ProgressSlider.swift */; };
		F52374FA2B59A8320017925B /* MusicPlayer.swift in Sources */ = {isa = PBXBuildFile; fileRef = F52374F92B59A8320017925B /* MusicPlayer.swift */; };
		F52374FC2B5B28970017925B /* MusicPlayerError.swift in Sources */ = {isa = PBXBuildFile; fileRef = F52374FB2B5B28970017925B /* MusicPlayerError.swift */; };
/* End PBXBuildFile section */

/* Begin PBXFileReference section */
		F523749D2B5031520017925B /* ITunesSearch.app */ = {isa = PBXFileReference; explicitFileType = wrapper.application; includeInIndex = 0; path = ITunesSearch.app; sourceTree = BUILT_PRODUCTS_DIR; };
		F52374A02B5031520017925B /* ITunesSearchApp.swift */ = {isa = PBXFileReference; lastKnownFileType = sourcecode.swift; path = ITunesSearchApp.swift; sourceTree = "<group>"; };
		F52374A42B5031540017925B /* Assets.xcassets */ = {isa = PBXFileReference; lastKnownFileType = folder.assetcatalog; path = Assets.xcassets; sourceTree = "<group>"; };
		F52374A72B5031540017925B /* Preview Assets.xcassets */ = {isa = PBXFileReference; lastKnownFileType = folder.assetcatalog; path = "Preview Assets.xcassets"; sourceTree = "<group>"; };
		F52374B22B505F220017925B /* SearchView.swift */ = {isa = PBXFileReference; lastKnownFileType = sourcecode.swift; path = SearchView.swift; sourceTree = "<group>"; };
		F52374B42B505F3C0017925B /* Music.swift */ = {isa = PBXFileReference; lastKnownFileType = sourcecode.swift; path = Music.swift; sourceTree = "<group>"; };
		F52374BF2B506BDB0017925B /* MusicCardView.swift */ = {isa = PBXFileReference; lastKnownFileType = sourcecode.swift; path = MusicCardView.swift; sourceTree = "<group>"; };
		F52374C42B51C72D0017925B /* MusicSearchView.swift */ = {isa = PBXFileReference; lastKnownFileType = sourcecode.swift; path = MusicSearchView.swift; sourceTree = "<group>"; };
		F52374C62B53B2620017925B /* MusicSearch.swift */ = {isa = PBXFileReference; lastKnownFileType = sourcecode.swift; path = MusicSearch.swift; sourceTree = "<group>"; };
		F52374C92B53D7130017925B /* ApiError.swift */ = {isa = PBXFileReference; lastKnownFileType = sourcecode.swift; path = ApiError.swift; sourceTree = "<group>"; };
		F52374CE2B5431A60017925B /* SearchResponse.swift */ = {isa = PBXFileReference; lastKnownFileType = sourcecode.swift; path = SearchResponse.swift; sourceTree = "<group>"; };
		F52374D22B5468F70017925B /* SearchState.swift */ = {isa = PBXFileReference; lastKnownFileType = sourcecode.swift; path = SearchState.swift; sourceTree = "<group>"; };
		F52374D42B5482460017925B /* Album.swift */ = {isa = PBXFileReference; lastKnownFileType = sourcecode.swift; path = Album.swift; sourceTree = "<group>"; };
		F52374D62B54838B0017925B /* ReleaseDate.swift */ = {isa = PBXFileReference; lastKnownFileType = sourcecode.swift; path = ReleaseDate.swift; sourceTree = "<group>"; };
		F52374D82B548E7A0017925B /* AlbumCardView.swift */ = {isa = PBXFileReference; lastKnownFileType = sourcecode.swift; path = AlbumCardView.swift; sourceTree = "<group>"; };
		F52374DB2B5574130017925B /* AlbumSearchView.swift */ = {isa = PBXFileReference; lastKnownFileType = sourcecode.swift; path = AlbumSearchView.swift; sourceTree = "<group>"; };
		F52374DD2B5574200017925B /* AlbumSearch.swift */ = {isa = PBXFileReference; lastKnownFileType = sourcecode.swift; path = AlbumSearch.swift; sourceTree = "<group>"; };
		F52374E22B55B7250017925B /* Search.swift */ = {isa = PBXFileReference; lastKnownFileType = sourcecode.swift; path = Search.swift; sourceTree = "<group>"; };
		F52374E52B55CBCB0017925B /* ArtistSearch.swift */ = {isa = PBXFileReference; lastKnownFileType = sourcecode.swift; path = ArtistSearch.swift; sourceTree = "<group>"; };
		F52374E72B55CBD70017925B /* ArtistSearchView.swift */ = {isa = PBXFileReference; lastKnownFileType = sourcecode.swift; path = ArtistSearchView.swift; sourceTree = "<group>"; };
		F52374E92B55CBE80017925B /* ArtistCardView.swift */ = {isa = PBXFileReference; lastKnownFileType = sourcecode.swift; path = ArtistCardView.swift; sourceTree = "<group>"; };
		F52374EB2B55CC5B0017925B /* Artist.swift */ = {isa = PBXFileReference; lastKnownFileType = sourcecode.swift; path = Artist.swift; sourceTree = "<group>"; };
		F52374F42B5706A80017925B /* MusicDetailView.swift */ = {isa = PBXFileReference; lastKnownFileType = sourcecode.swift; path = MusicDetailView.swift; sourceTree = "<group>"; };
		F52374F72B5829D40017925B /* ProgressSlider.swift */ = {isa = PBXFileReference; lastKnownFileType = sourcecode.swift; path = ProgressSlider.swift; sourceTree = "<group>"; };
		F52374F92B59A8320017925B /* MusicPlayer.swift */ = {isa = PBXFileReference; lastKnownFileType = sourcecode.swift; path = MusicPlayer.swift; sourceTree = "<group>"; };
		F52374FB2B5B28970017925B /* MusicPlayerError.swift */ = {isa = PBXFileReference; lastKnownFileType = sourcecode.swift; path = MusicPlayerError.swift; sourceTree = "<group>"; };
/* End PBXFileReference section */

/* Begin PBXFrameworksBuildPhase section */
		F523749A2B5031520017925B /* Frameworks */ = {
			isa = PBXFrameworksBuildPhase;
			buildActionMask = 2147483647;
			files = (
				F52374EF2B55E1590017925B /* SwiftSoup in Frameworks */,
			);
			runOnlyForDeploymentPostprocessing = 0;
		};
/* End PBXFrameworksBuildPhase section */

/* Begin PBXGroup section */
		F52374942B5031520017925B = {
			isa = PBXGroup;
			children = (
				F523749F2B5031520017925B /* ITunesSearch */,
				F523749E2B5031520017925B /* Products */,
			);
			sourceTree = "<group>";
		};
		F523749E2B5031520017925B /* Products */ = {
			isa = PBXGroup;
			children = (
				F523749D2B5031520017925B /* ITunesSearch.app */,
			);
			name = Products;
			sourceTree = "<group>";
		};
		F523749F2B5031520017925B /* ITunesSearch */ = {
			isa = PBXGroup;
			children = (
				F52374C22B51BE460017925B /* Utilities */,
				F52374B62B5066580017925B /* Views */,
				F52374A02B5031520017925B /* ITunesSearchApp.swift */,
				F52374AE2B5049CF0017925B /* Models */,
				F52374A42B5031540017925B /* Assets.xcassets */,
				F52374A62B5031540017925B /* Preview Content */,
			);
			path = ITunesSearch;
			sourceTree = "<group>";
		};
		F52374A62B5031540017925B /* Preview Content */ = {
			isa = PBXGroup;
			children = (
				F52374A72B5031540017925B /* Preview Assets.xcassets */,
			);
			path = "Preview Content";
			sourceTree = "<group>";
		};
		F52374AE2B5049CF0017925B /* Models */ = {
			isa = PBXGroup;
			children = (
				F52374CD2B5430C30017925B /* Response */,
				F52374B42B505F3C0017925B /* Music.swift */,
				F52374D42B5482460017925B /* Album.swift */,
				F52374EB2B55CC5B0017925B /* Artist.swift */,
			);
			path = Models;
			sourceTree = "<group>";
		};
		F52374B62B5066580017925B /* Views */ = {
			isa = PBXGroup;
			children = (
				F52374F62B5829930017925B /* Components */,
				F52374F22B5706450017925B /* Details */,
				F52374E12B55B6A50017925B /* Searchs */,
				F52374B22B505F220017925B /* SearchView.swift */,
			);
			path = Views;
			sourceTree = "<group>";
		};
		F52374C12B50757E0017925B /* Card */ = {
			isa = PBXGroup;
			children = (
				F52374BF2B506BDB0017925B /* MusicCardView.swift */,
				F52374D82B548E7A0017925B /* AlbumCardView.swift */,
				F52374E92B55CBE80017925B /* ArtistCardView.swift */,
			);
			path = Card;
			sourceTree = "<group>";
		};
		F52374C22B51BE460017925B /* Utilities */ = {
			isa = PBXGroup;
			children = (
				F52374C82B53D6EC0017925B /* Errors */,
				F52374D22B5468F70017925B /* SearchState.swift */,
				F52374D62B54838B0017925B /* ReleaseDate.swift */,
				F52374F92B59A8320017925B /* MusicPlayer.swift */,
			);
			path = Utilities;
			sourceTree = "<group>";
		};
		F52374C32B51C51B0017925B /* MusicSearch */ = {
			isa = PBXGroup;
			children = (
				F52374C42B51C72D0017925B /* MusicSearchView.swift */,
				F52374C62B53B2620017925B /* MusicSearch.swift */,
			);
			path = MusicSearch;
			sourceTree = "<group>";
		};
		F52374C82B53D6EC0017925B /* Errors */ = {
			isa = PBXGroup;
			children = (
				F52374C92B53D7130017925B /* ApiError.swift */,
				F52374FB2B5B28970017925B /* MusicPlayerError.swift */,
			);
			path = Errors;
			sourceTree = "<group>";
		};
		F52374CD2B5430C30017925B /* Response */ = {
			isa = PBXGroup;
			children = (
				F52374CE2B5431A60017925B /* SearchResponse.swift */,
			);
			path = Response;
			sourceTree = "<group>";
		};
		F52374DA2B5573FF0017925B /* AlbumSearch */ = {
			isa = PBXGroup;
			children = (
				F52374DB2B5574130017925B /* AlbumSearchView.swift */,
				F52374DD2B5574200017925B /* AlbumSearch.swift */,
			);
			path = AlbumSearch;
			sourceTree = "<group>";
		};
		F52374E12B55B6A50017925B /* Searchs */ = {
			isa = PBXGroup;
			children = (
				F52374E42B55CB090017925B /* ArtistSearch */,
				F52374DA2B5573FF0017925B /* AlbumSearch */,
				F52374C32B51C51B0017925B /* MusicSearch */,
				F52374C12B50757E0017925B /* Card */,
				F52374E22B55B7250017925B /* Search.swift */,
			);
			path = Searchs;
			sourceTree = "<group>";
		};
		F52374E42B55CB090017925B /* ArtistSearch */ = {
			isa = PBXGroup;
			children = (
				F52374E52B55CBCB0017925B /* ArtistSearch.swift */,
				F52374E72B55CBD70017925B /* ArtistSearchView.swift */,
			);
			path = ArtistSearch;
			sourceTree = "<group>";
		};
		F52374F22B5706450017925B /* Details */ = {
			isa = PBXGroup;
			children = (
				F52374F32B5706820017925B /* MusicDetail */,
			);
			path = Details;
			sourceTree = "<group>";
		};
		F52374F32B5706820017925B /* MusicDetail */ = {
			isa = PBXGroup;
			children = (
				F52374F42B5706A80017925B /* MusicDetailView.swift */,
			);
			path = MusicDetail;
			sourceTree = "<group>";
		};
		F52374F62B5829930017925B /* Components */ = {
			isa = PBXGroup;
			children = (
				F52374F72B5829D40017925B /* ProgressSlider.swift */,
			);
			path = Components;
			sourceTree = "<group>";
		};
/* End PBXGroup section */

/* Begin PBXNativeTarget section */
		F523749C2B5031520017925B /* ITunesSearch */ = {
			isa = PBXNativeTarget;
			buildConfigurationList = F52374AB2B5031540017925B /* Build configuration list for PBXNativeTarget "ITunesSearch" */;
			buildPhases = (
				F52374992B5031520017925B /* Sources */,
				F523749A2B5031520017925B /* Frameworks */,
				F523749B2B5031520017925B /* Resources */,
			);
			buildRules = (
			);
			dependencies = (
			);
			name = ITunesSearch;
			packageProductDependencies = (
				F52374EE2B55E1590017925B /* SwiftSoup */,
			);
			productName = ITunesSearch;
			productReference = F523749D2B5031520017925B /* ITunesSearch.app */;
			productType = "com.apple.product-type.application";
		};
/* End PBXNativeTarget section */

/* Begin PBXProject section */
		F52374952B5031520017925B /* Project object */ = {
			isa = PBXProject;
			attributes = {
				BuildIndependentTargetsInParallel = 1;
				LastSwiftUpdateCheck = 1520;
				LastUpgradeCheck = 1520;
				TargetAttributes = {
					F523749C2B5031520017925B = {
						CreatedOnToolsVersion = 15.2;
					};
				};
			};
			buildConfigurationList = F52374982B5031520017925B /* Build configuration list for PBXProject "ITunesSearch" */;
			compatibilityVersion = "Xcode 14.0";
			developmentRegion = en;
			hasScannedForEncodings = 0;
			knownRegions = (
				en,
				Base,
			);
			mainGroup = F52374942B5031520017925B;
			packageReferences = (
				F52374ED2B55E1590017925B /* XCRemoteSwiftPackageReference "SwiftSoup" */,
			);
			productRefGroup = F523749E2B5031520017925B /* Products */;
			projectDirPath = "";
			projectRoot = "";
			targets = (
				F523749C2B5031520017925B /* ITunesSearch */,
			);
		};
/* End PBXProject section */

/* Begin PBXResourcesBuildPhase section */
		F523749B2B5031520017925B /* Resources */ = {
			isa = PBXResourcesBuildPhase;
			buildActionMask = 2147483647;
			files = (
				F52374A82B5031540017925B /* Preview Assets.xcassets in Resources */,
				F52374A52B5031540017925B /* Assets.xcassets in Resources */,
			);
			runOnlyForDeploymentPostprocessing = 0;
		};
/* End PBXResourcesBuildPhase section */

/* Begin PBXSourcesBuildPhase section */
		F52374992B5031520017925B /* Sources */ = {
			isa = PBXSourcesBuildPhase;
			buildActionMask = 2147483647;
			files = (
				F52374FA2B59A8320017925B /* MusicPlayer.swift in Sources */,
				F52374F82B5829D40017925B /* ProgressSlider.swift in Sources */,
				F52374CA2B53D7130017925B /* ApiError.swift in Sources */,
				F52374E82B55CBD70017925B /* ArtistSearchView.swift in Sources */,
				F52374B32B505F220017925B /* SearchView.swift in Sources */,
				F52374DC2B5574130017925B /* AlbumSearchView.swift in Sources */,
				F52374C72B53B2620017925B /* MusicSearch.swift in Sources */,
				F52374D72B54838B0017925B /* ReleaseDate.swift in Sources */,
				F52374FC2B5B28970017925B /* MusicPlayerError.swift in Sources */,
				F52374D92B548E7A0017925B /* AlbumCardView.swift in Sources */,
				F52374D32B5468F70017925B /* SearchState.swift in Sources */,
				F52374C52B51C72D0017925B /* MusicSearchView.swift in Sources */,
				F52374B52B505F3C0017925B /* Music.swift in Sources */,
				F52374DE2B5574200017925B /* AlbumSearch.swift in Sources */,
				F52374EA2B55CBE80017925B /* ArtistCardView.swift in Sources */,
				F52374E62B55CBCB0017925B /* ArtistSearch.swift in Sources */,
				F52374EC2B55CC5B0017925B /* Artist.swift in Sources */,
				F52374C02B506BDB0017925B /* MusicCardView.swift in Sources */,
				F52374F52B5706A80017925B /* MusicDetailView.swift in Sources */,
				F52374CF2B5431A60017925B /* SearchResponse.swift in Sources */,
				F52374E32B55B7250017925B /* Search.swift in Sources */,
				F52374A12B5031520017925B /* ITunesSearchApp.swift in Sources */,
				F52374D52B5482460017925B /* Album.swift in Sources */,
			);
			runOnlyForDeploymentPostprocessing = 0;
		};
/* End PBXSourcesBuildPhase section */

/* Begin XCBuildConfiguration section */
		F52374A92B5031540017925B /* Debug */ = {
			isa = XCBuildConfiguration;
			buildSettings = {
				ALWAYS_SEARCH_USER_PATHS = NO;
				ASSETCATALOG_COMPILER_GENERATE_SWIFT_ASSET_SYMBOL_EXTENSIONS = YES;
				CLANG_ANALYZER_NONNULL = YES;
				CLANG_ANALYZER_NUMBER_OBJECT_CONVERSION = YES_AGGRESSIVE;
				CLANG_CXX_LANGUAGE_STANDARD = "gnu++20";
				CLANG_ENABLE_MODULES = YES;
				CLANG_ENABLE_OBJC_ARC = YES;
				CLANG_ENABLE_OBJC_WEAK = YES;
				CLANG_WARN_BLOCK_CAPTURE_AUTORELEASING = YES;
				CLANG_WARN_BOOL_CONVERSION = YES;
				CLANG_WARN_COMMA = YES;
				CLANG_WARN_CONSTANT_CONVERSION = YES;
				CLANG_WARN_DEPRECATED_OBJC_IMPLEMENTATIONS = YES;
				CLANG_WARN_DIRECT_OBJC_ISA_USAGE = YES_ERROR;
				CLANG_WARN_DOCUMENTATION_COMMENTS = YES;
				CLANG_WARN_EMPTY_BODY = YES;
				CLANG_WARN_ENUM_CONVERSION = YES;
				CLANG_WARN_INFINITE_RECURSION = YES;
				CLANG_WARN_INT_CONVERSION = YES;
				CLANG_WARN_NON_LITERAL_NULL_CONVERSION = YES;
				CLANG_WARN_OBJC_IMPLICIT_RETAIN_SELF = YES;
				CLANG_WARN_OBJC_LITERAL_CONVERSION = YES;
				CLANG_WARN_OBJC_ROOT_CLASS = YES_ERROR;
				CLANG_WARN_QUOTED_INCLUDE_IN_FRAMEWORK_HEADER = YES;
				CLANG_WARN_RANGE_LOOP_ANALYSIS = YES;
				CLANG_WARN_STRICT_PROTOTYPES = YES;
				CLANG_WARN_SUSPICIOUS_MOVE = YES;
				CLANG_WARN_UNGUARDED_AVAILABILITY = YES_AGGRESSIVE;
				CLANG_WARN_UNREACHABLE_CODE = YES;
				CLANG_WARN__DUPLICATE_METHOD_MATCH = YES;
				COPY_PHASE_STRIP = NO;
				DEBUG_INFORMATION_FORMAT = dwarf;
				ENABLE_STRICT_OBJC_MSGSEND = YES;
				ENABLE_TESTABILITY = YES;
				ENABLE_USER_SCRIPT_SANDBOXING = YES;
				GCC_C_LANGUAGE_STANDARD = gnu17;
				GCC_DYNAMIC_NO_PIC = NO;
				GCC_NO_COMMON_BLOCKS = YES;
				GCC_OPTIMIZATION_LEVEL = 0;
				GCC_PREPROCESSOR_DEFINITIONS = (
					"DEBUG=1",
					"$(inherited)",
				);
				GCC_WARN_64_TO_32_BIT_CONVERSION = YES;
				GCC_WARN_ABOUT_RETURN_TYPE = YES_ERROR;
				GCC_WARN_UNDECLARED_SELECTOR = YES;
				GCC_WARN_UNINITIALIZED_AUTOS = YES_AGGRESSIVE;
				GCC_WARN_UNUSED_FUNCTION = YES;
				GCC_WARN_UNUSED_VARIABLE = YES;
				IPHONEOS_DEPLOYMENT_TARGET = 17.2;
				LOCALIZATION_PREFERS_STRING_CATALOGS = YES;
				MTL_ENABLE_DEBUG_INFO = INCLUDE_SOURCE;
				MTL_FAST_MATH = YES;
				ONLY_ACTIVE_ARCH = YES;
				SDKROOT = iphoneos;
				SWIFT_ACTIVE_COMPILATION_CONDITIONS = "DEBUG $(inherited)";
				SWIFT_OPTIMIZATION_LEVEL = "-Onone";
			};
			name = Debug;
		};
		F52374AA2B5031540017925B /* Release */ = {
			isa = XCBuildConfiguration;
			buildSettings = {
				ALWAYS_SEARCH_USER_PATHS = NO;
				ASSETCATALOG_COMPILER_GENERATE_SWIFT_ASSET_SYMBOL_EXTENSIONS = YES;
				CLANG_ANALYZER_NONNULL = YES;
				CLANG_ANALYZER_NUMBER_OBJECT_CONVERSION = YES_AGGRESSIVE;
				CLANG_CXX_LANGUAGE_STANDARD = "gnu++20";
				CLANG_ENABLE_MODULES = YES;
				CLANG_ENABLE_OBJC_ARC = YES;
				CLANG_ENABLE_OBJC_WEAK = YES;
				CLANG_WARN_BLOCK_CAPTURE_AUTORELEASING = YES;
				CLANG_WARN_BOOL_CONVERSION = YES;
				CLANG_WARN_COMMA = YES;
				CLANG_WARN_CONSTANT_CONVERSION = YES;
				CLANG_WARN_DEPRECATED_OBJC_IMPLEMENTATIONS = YES;
				CLANG_WARN_DIRECT_OBJC_ISA_USAGE = YES_ERROR;
				CLANG_WARN_DOCUMENTATION_COMMENTS = YES;
				CLANG_WARN_EMPTY_BODY = YES;
				CLANG_WARN_ENUM_CONVERSION = YES;
				CLANG_WARN_INFINITE_RECURSION = YES;
				CLANG_WARN_INT_CONVERSION = YES;
				CLANG_WARN_NON_LITERAL_NULL_CONVERSION = YES;
				CLANG_WARN_OBJC_IMPLICIT_RETAIN_SELF = YES;
				CLANG_WARN_OBJC_LITERAL_CONVERSION = YES;
				CLANG_WARN_OBJC_ROOT_CLASS = YES_ERROR;
				CLANG_WARN_QUOTED_INCLUDE_IN_FRAMEWORK_HEADER = YES;
				CLANG_WARN_RANGE_LOOP_ANALYSIS = YES;
				CLANG_WARN_STRICT_PROTOTYPES = YES;
				CLANG_WARN_SUSPICIOUS_MOVE = YES;
				CLANG_WARN_UNGUARDED_AVAILABILITY = YES_AGGRESSIVE;
				CLANG_WARN_UNREACHABLE_CODE = YES;
				CLANG_WARN__DUPLICATE_METHOD_MATCH = YES;
				COPY_PHASE_STRIP = NO;
				DEBUG_INFORMATION_FORMAT = "dwarf-with-dsym";
				ENABLE_NS_ASSERTIONS = NO;
				ENABLE_STRICT_OBJC_MSGSEND = YES;
				ENABLE_USER_SCRIPT_SANDBOXING = YES;
				GCC_C_LANGUAGE_STANDARD = gnu17;
				GCC_NO_COMMON_BLOCKS = YES;
				GCC_WARN_64_TO_32_BIT_CONVERSION = YES;
				GCC_WARN_ABOUT_RETURN_TYPE = YES_ERROR;
				GCC_WARN_UNDECLARED_SELECTOR = YES;
				GCC_WARN_UNINITIALIZED_AUTOS = YES_AGGRESSIVE;
				GCC_WARN_UNUSED_FUNCTION = YES;
				GCC_WARN_UNUSED_VARIABLE = YES;
				IPHONEOS_DEPLOYMENT_TARGET = 17.2;
				LOCALIZATION_PREFERS_STRING_CATALOGS = YES;
				MTL_ENABLE_DEBUG_INFO = NO;
				MTL_FAST_MATH = YES;
				SDKROOT = iphoneos;
				SWIFT_COMPILATION_MODE = wholemodule;
				VALIDATE_PRODUCT = YES;
			};
			name = Release;
		};
		F52374AC2B5031540017925B /* Debug */ = {
			isa = XCBuildConfiguration;
			buildSettings = {
				ASSETCATALOG_COMPILER_APPICON_NAME = AppIcon;
				ASSETCATALOG_COMPILER_GLOBAL_ACCENT_COLOR_NAME = AccentColor;
				CODE_SIGN_STYLE = Automatic;
				CURRENT_PROJECT_VERSION = 1;
				DEVELOPMENT_ASSET_PATHS = "\"ITunesSearch/Preview Content\"";
				DEVELOPMENT_TEAM = 5G44JXAR8Q;
				ENABLE_PREVIEWS = YES;
				GENERATE_INFOPLIST_FILE = YES;
				INFOPLIST_KEY_UIApplicationSceneManifest_Generation = YES;
				INFOPLIST_KEY_UIApplicationSupportsIndirectInputEvents = YES;
				INFOPLIST_KEY_UILaunchScreen_Generation = YES;
				INFOPLIST_KEY_UISupportedInterfaceOrientations_iPad = "UIInterfaceOrientationPortrait UIInterfaceOrientationPortraitUpsideDown UIInterfaceOrientationLandscapeLeft UIInterfaceOrientationLandscapeRight";
				INFOPLIST_KEY_UISupportedInterfaceOrientations_iPhone = "UIInterfaceOrientationPortrait UIInterfaceOrientationLandscapeLeft UIInterfaceOrientationLandscapeRight";
				LD_RUNPATH_SEARCH_PATHS = (
					"$(inherited)",
					"@executable_path/Frameworks",
				);
				MARKETING_VERSION = 1.0;
				PRODUCT_BUNDLE_IDENTIFIER = dev.dongdong867.ITunesSearch;
				PRODUCT_NAME = "$(TARGET_NAME)";
				SWIFT_EMIT_LOC_STRINGS = YES;
				SWIFT_VERSION = 5.0;
				TARGETED_DEVICE_FAMILY = "1,2";
			};
			name = Debug;
		};
		F52374AD2B5031540017925B /* Release */ = {
			isa = XCBuildConfiguration;
			buildSettings = {
				ASSETCATALOG_COMPILER_APPICON_NAME = AppIcon;
				ASSETCATALOG_COMPILER_GLOBAL_ACCENT_COLOR_NAME = AccentColor;
				CODE_SIGN_STYLE = Automatic;
				CURRENT_PROJECT_VERSION = 1;
				DEVELOPMENT_ASSET_PATHS = "\"ITunesSearch/Preview Content\"";
				DEVELOPMENT_TEAM = 5G44JXAR8Q;
				ENABLE_PREVIEWS = YES;
				GENERATE_INFOPLIST_FILE = YES;
				INFOPLIST_KEY_UIApplicationSceneManifest_Generation = YES;
				INFOPLIST_KEY_UIApplicationSupportsIndirectInputEvents = YES;
				INFOPLIST_KEY_UILaunchScreen_Generation = YES;
				INFOPLIST_KEY_UISupportedInterfaceOrientations_iPad = "UIInterfaceOrientationPortrait UIInterfaceOrientationPortraitUpsideDown UIInterfaceOrientationLandscapeLeft UIInterfaceOrientationLandscapeRight";
				INFOPLIST_KEY_UISupportedInterfaceOrientations_iPhone = "UIInterfaceOrientationPortrait UIInterfaceOrientationLandscapeLeft UIInterfaceOrientationLandscapeRight";
				LD_RUNPATH_SEARCH_PATHS = (
					"$(inherited)",
					"@executable_path/Frameworks",
				);
				MARKETING_VERSION = 1.0;
				PRODUCT_BUNDLE_IDENTIFIER = dev.dongdong867.ITunesSearch;
				PRODUCT_NAME = "$(TARGET_NAME)";
				SWIFT_EMIT_LOC_STRINGS = YES;
				SWIFT_VERSION = 5.0;
				TARGETED_DEVICE_FAMILY = "1,2";
			};
			name = Release;
		};
/* End XCBuildConfiguration section */

/* Begin XCConfigurationList section */
		F52374982B5031520017925B /* Build configuration list for PBXProject "ITunesSearch" */ = {
			isa = XCConfigurationList;
			buildConfigurations = (
				F52374A92B5031540017925B /* Debug */,
				F52374AA2B5031540017925B /* Release */,
			);
			defaultConfigurationIsVisible = 0;
			defaultConfigurationName = Release;
		};
		F52374AB2B5031540017925B /* Build configuration list for PBXNativeTarget "ITunesSearch" */ = {
			isa = XCConfigurationList;
			buildConfigurations = (
				F52374AC2B5031540017925B /* Debug */,
				F52374AD2B5031540017925B /* Release */,
			);
			defaultConfigurationIsVisible = 0;
			defaultConfigurationName = Release;
		};
/* End XCConfigurationList section */

/* Begin XCRemoteSwiftPackageReference section */
		F52374ED2B55E1590017925B /* XCRemoteSwiftPackageReference "SwiftSoup" */ = {
			isa = XCRemoteSwiftPackageReference;
			repositoryURL = "https://github.com/scinfu/SwiftSoup.git";
			requirement = {
				kind = upToNextMajorVersion;
				minimumVersion = 2.7.0;
			};
		};
/* End XCRemoteSwiftPackageReference section */

/* Begin XCSwiftPackageProductDependency section */
		F52374EE2B55E1590017925B /* SwiftSoup */ = {
			isa = XCSwiftPackageProductDependency;
			package = F52374ED2B55E1590017925B /* XCRemoteSwiftPackageReference "SwiftSoup" */;
			productName = SwiftSoup;
		};
/* End XCSwiftPackageProductDependency section */
	};
	rootObject = F52374952B5031520017925B /* Project object */;
}
